// !$*UTF8*$!
{
	archiveVersion = 1;
	classes = {
	};
	objectVersion = 77;
	objects = {

/* Begin PBXBuildFile section */
		395118072E7F37240002CE6A /* LibraryView.swift in Sources */ = {isa = PBXBuildFile; fileRef = 395118062E7F37240002CE6A /* LibraryView.swift */; };
		395118092E7F372D0002CE6A /* HeaderView.swift in Sources */ = {isa = PBXBuildFile; fileRef = 395118082E7F372D0002CE6A /* HeaderView.swift */; };
		3951180B2E7F37370002CE6A /* SidebarView.swift in Sources */ = {isa = PBXBuildFile; fileRef = 3951180A2E7F37370002CE6A /* SidebarView.swift */; };
		3951180D2E7F373D0002CE6A /* LocationRow.swift in Sources */ = {isa = PBXBuildFile; fileRef = 3951180C2E7F373D0002CE6A /* LocationRow.swift */; };
		3951180F2E7F37410002CE6A /* MapAnnotationView.swift in Sources */ = {isa = PBXBuildFile; fileRef = 3951180E2E7F37410002CE6A /* MapAnnotationView.swift */; };
		398FB9902E84326600E6BC68 /* EventsView.swift in Sources */ = {isa = PBXBuildFile; fileRef = 398FB98F2E84326600E6BC68 /* EventsView.swift */; };
		398FB9942E8436B900E6BC68 /* ModelData.swift in Sources */ = {isa = PBXBuildFile; fileRef = 398FB9932E8436B900E6BC68 /* ModelData.swift */; };
		398FB9962E8436C900E6BC68 /* events.json in Resources */ = {isa = PBXBuildFile; fileRef = 398FB9952E8436C900E6BC68 /* events.json */; };
		398FB9982E8436F300E6BC68 /* Event.swift in Sources */ = {isa = PBXBuildFile; fileRef = 398FB9972E8436F300E6BC68 /* Event.swift */; };
		398FB99A2E84370F00E6BC68 /* AssignmentModels.swift in Sources */ = {isa = PBXBuildFile; fileRef = 398FB9992E84370F00E6BC68 /* AssignmentModels.swift */; };
		39D93CF62E7B578500646477 /* ContentView.swift in Sources */ = {isa = PBXBuildFile; fileRef = 39D93CF32E7B578500646477 /* ContentView.swift */; };
		39D93CF72E7B578500646477 /* FieldOps_UI_Playground_iPadApp.swift in Sources */ = {isa = PBXBuildFile; fileRef = 39D93CF42E7B578500646477 /* FieldOps_UI_Playground_iPadApp.swift */; };
		39D93CF82E7B578500646477 /* Assets.xcassets in Resources */ = {isa = PBXBuildFile; fileRef = 39D93CF22E7B578500646477 /* Assets.xcassets */; };
/* End PBXBuildFile section */

/* Begin PBXContainerItemProxy section */
		39D93CD62E7B572000646477 /* PBXContainerItemProxy */ = {
			isa = PBXContainerItemProxy;
			containerPortal = 39D93CC02E7B571F00646477 /* Project object */;
			proxyType = 1;
			remoteGlobalIDString = 39D93CC72E7B571F00646477;
			remoteInfo = "FieldOps UI Playground iPad";
		};
		39D93CE02E7B572000646477 /* PBXContainerItemProxy */ = {
			isa = PBXContainerItemProxy;
			containerPortal = 39D93CC02E7B571F00646477 /* Project object */;
			proxyType = 1;
			remoteGlobalIDString = 39D93CC72E7B571F00646477;
			remoteInfo = "FieldOps UI Playground iPad";
		};
/* End PBXContainerItemProxy section */

/* Begin PBXFileReference section */
		395118062E7F37240002CE6A /* LibraryView.swift */ = {isa = PBXFileReference; lastKnownFileType = sourcecode.swift; path = LibraryView.swift; sourceTree = "<group>"; };
		395118082E7F372D0002CE6A /* HeaderView.swift */ = {isa = PBXFileReference; lastKnownFileType = sourcecode.swift; path = HeaderView.swift; sourceTree = "<group>"; };
		3951180A2E7F37370002CE6A /* SidebarView.swift */ = {isa = PBXFileReference; lastKnownFileType = sourcecode.swift; path = SidebarView.swift; sourceTree = "<group>"; };
		3951180C2E7F373D0002CE6A /* LocationRow.swift */ = {isa = PBXFileReference; lastKnownFileType = sourcecode.swift; path = LocationRow.swift; sourceTree = "<group>"; };
		3951180E2E7F37410002CE6A /* MapAnnotationView.swift */ = {isa = PBXFileReference; lastKnownFileType = sourcecode.swift; path = MapAnnotationView.swift; sourceTree = "<group>"; };
		398FB98F2E84326600E6BC68 /* EventsView.swift */ = {isa = PBXFileReference; lastKnownFileType = sourcecode.swift; path = EventsView.swift; sourceTree = "<group>"; };
		398FB9932E8436B900E6BC68 /* ModelData.swift */ = {isa = PBXFileReference; lastKnownFileType = sourcecode.swift; path = ModelData.swift; sourceTree = "<group>"; };
		398FB9952E8436C900E6BC68 /* events.json */ = {isa = PBXFileReference; lastKnownFileType = text.json; path = events.json; sourceTree = "<group>"; };
		398FB9972E8436F300E6BC68 /* Event.swift */ = {isa = PBXFileReference; lastKnownFileType = sourcecode.swift; path = Event.swift; sourceTree = "<group>"; };
		398FB9992E84370F00E6BC68 /* AssignmentModels.swift */ = {isa = PBXFileReference; lastKnownFileType = sourcecode.swift; path = AssignmentModels.swift; sourceTree = "<group>"; };
		39D93CC82E7B571F00646477 /* FieldOps UI Playground iPad.app */ = {isa = PBXFileReference; explicitFileType = wrapper.application; includeInIndex = 0; path = "FieldOps UI Playground iPad.app"; sourceTree = BUILT_PRODUCTS_DIR; };
		39D93CD52E7B572000646477 /* FieldOps UI Playground iPadTests.xctest */ = {isa = PBXFileReference; explicitFileType = wrapper.cfbundle; includeInIndex = 0; path = "FieldOps UI Playground iPadTests.xctest"; sourceTree = BUILT_PRODUCTS_DIR; };
		39D93CDF2E7B572000646477 /* FieldOps UI Playground iPadUITests.xctest */ = {isa = PBXFileReference; explicitFileType = wrapper.cfbundle; includeInIndex = 0; path = "FieldOps UI Playground iPadUITests.xctest"; sourceTree = BUILT_PRODUCTS_DIR; };
		39D93CF22E7B578500646477 /* Assets.xcassets */ = {isa = PBXFileReference; lastKnownFileType = folder.assetcatalog; path = Assets.xcassets; sourceTree = "<group>"; };
		39D93CF32E7B578500646477 /* ContentView.swift */ = {isa = PBXFileReference; lastKnownFileType = sourcecode.swift; path = ContentView.swift; sourceTree = "<group>"; };
		39D93CF42E7B578500646477 /* FieldOps_UI_Playground_iPadApp.swift */ = {isa = PBXFileReference; lastKnownFileType = sourcecode.swift; path = FieldOps_UI_Playground_iPadApp.swift; sourceTree = "<group>"; };
/* End PBXFileReference section */

/* Begin PBXFileSystemSynchronizedRootGroup section */
		39D93CD82E7B572000646477 /* FieldOps UI Playground iPadTests */ = {
			isa = PBXFileSystemSynchronizedRootGroup;
			path = "FieldOps UI Playground iPadTests";
			sourceTree = "<group>";
		};
		39D93CE22E7B572000646477 /* FieldOps UI Playground iPadUITests */ = {
			isa = PBXFileSystemSynchronizedRootGroup;
			path = "FieldOps UI Playground iPadUITests";
			sourceTree = "<group>";
		};
/* End PBXFileSystemSynchronizedRootGroup section */

/* Begin PBXFrameworksBuildPhase section */
		39D93CC52E7B571F00646477 /* Frameworks */ = {
			isa = PBXFrameworksBuildPhase;
			buildActionMask = 2147483647;
			files = (
			);
			runOnlyForDeploymentPostprocessing = 0;
		};
		39D93CD22E7B572000646477 /* Frameworks */ = {
			isa = PBXFrameworksBuildPhase;
			buildActionMask = 2147483647;
			files = (
			);
			runOnlyForDeploymentPostprocessing = 0;
		};
		39D93CDC2E7B572000646477 /* Frameworks */ = {
			isa = PBXFrameworksBuildPhase;
			buildActionMask = 2147483647;
			files = (
			);
			runOnlyForDeploymentPostprocessing = 0;
		};
/* End PBXFrameworksBuildPhase section */

/* Begin PBXGroup section */
		398FB98E2E84324800E6BC68 /* Events */ = {
			isa = PBXGroup;
			children = (
				398FB98F2E84326600E6BC68 /* EventsView.swift */,
			);
			path = Events;
			sourceTree = "<group>";
		};
		398FB9922E84368900E6BC68 /* Data */ = {
			isa = PBXGroup;
			children = (
				398FB9932E8436B900E6BC68 /* ModelData.swift */,
				398FB9952E8436C900E6BC68 /* events.json */,
				398FB9972E8436F300E6BC68 /* Event.swift */,
				398FB9992E84370F00E6BC68 /* AssignmentModels.swift */,
			);
			path = Data;
			sourceTree = "<group>";
		};
		39D93CBF2E7B571F00646477 = {
			isa = PBXGroup;
			children = (
				39D93CF52E7B578500646477 /* FieldOps UI Playground iPad */,
				39D93CD82E7B572000646477 /* FieldOps UI Playground iPadTests */,
				39D93CE22E7B572000646477 /* FieldOps UI Playground iPadUITests */,
				39D93CC92E7B571F00646477 /* Products */,
			);
			sourceTree = "<group>";
		};
		39D93CC92E7B571F00646477 /* Products */ = {
			isa = PBXGroup;
			children = (
				39D93CC82E7B571F00646477 /* FieldOps UI Playground iPad.app */,
				39D93CD52E7B572000646477 /* FieldOps UI Playground iPadTests.xctest */,
				39D93CDF2E7B572000646477 /* FieldOps UI Playground iPadUITests.xctest */,
			);
			name = Products;
			sourceTree = "<group>";
		};
		39D93CF52E7B578500646477 /* FieldOps UI Playground iPad */ = {
			isa = PBXGroup;
			children = (
				39D93CF22E7B578500646477 /* Assets.xcassets */,
				39D93CF42E7B578500646477 /* FieldOps_UI_Playground_iPadApp.swift */,
				39D93CF32E7B578500646477 /* ContentView.swift */,
				398FB98E2E84324800E6BC68 /* Events */,
				395118062E7F37240002CE6A /* LibraryView.swift */,
				395118082E7F372D0002CE6A /* HeaderView.swift */,
				3951180A2E7F37370002CE6A /* SidebarView.swift */,
				3951180C2E7F373D0002CE6A /* LocationRow.swift */,
				3951180E2E7F37410002CE6A /* MapAnnotationView.swift */,
				398FB9922E84368900E6BC68 /* Data */,
			);
			path = "FieldOps UI Playground iPad";
			sourceTree = "<group>";
		};
/* End PBXGroup section */

/* Begin PBXNativeTarget section */
		39D93CC72E7B571F00646477 /* FieldOps UI Playground iPad */ = {
			isa = PBXNativeTarget;
			buildConfigurationList = 39D93CE92E7B572000646477 /* Build configuration list for PBXNativeTarget "FieldOps UI Playground iPad" */;
			buildPhases = (
				39D93CC42E7B571F00646477 /* Sources */,
				39D93CC52E7B571F00646477 /* Frameworks */,
				39D93CC62E7B571F00646477 /* Resources */,
			);
			buildRules = (
			);
			dependencies = (
			);
			name = "FieldOps UI Playground iPad";
			packageProductDependencies = (
			);
			productName = "FieldOps UI Playground iPad";
			productReference = 39D93CC82E7B571F00646477 /* FieldOps UI Playground iPad.app */;
			productType = "com.apple.product-type.application";
		};
		39D93CD42E7B572000646477 /* FieldOps UI Playground iPadTests */ = {
			isa = PBXNativeTarget;
			buildConfigurationList = 39D93CEC2E7B572000646477 /* Build configuration list for PBXNativeTarget "FieldOps UI Playground iPadTests" */;
			buildPhases = (
				39D93CD12E7B572000646477 /* Sources */,
				39D93CD22E7B572000646477 /* Frameworks */,
				39D93CD32E7B572000646477 /* Resources */,
			);
			buildRules = (
			);
			dependencies = (
				39D93CD72E7B572000646477 /* PBXTargetDependency */,
			);
			fileSystemSynchronizedGroups = (
				39D93CD82E7B572000646477 /* FieldOps UI Playground iPadTests */,
			);
			name = "FieldOps UI Playground iPadTests";
			packageProductDependencies = (
			);
			productName = "FieldOps UI Playground iPadTests";
			productReference = 39D93CD52E7B572000646477 /* FieldOps UI Playground iPadTests.xctest */;
			productType = "com.apple.product-type.bundle.unit-test";
		};
		39D93CDE2E7B572000646477 /* FieldOps UI Playground iPadUITests */ = {
			isa = PBXNativeTarget;
			buildConfigurationList = 39D93CEF2E7B572000646477 /* Build configuration list for PBXNativeTarget "FieldOps UI Playground iPadUITests" */;
			buildPhases = (
				39D93CDB2E7B572000646477 /* Sources */,
				39D93CDC2E7B572000646477 /* Frameworks */,
				39D93CDD2E7B572000646477 /* Resources */,
			);
			buildRules = (
			);
			dependencies = (
				39D93CE12E7B572000646477 /* PBXTargetDependency */,
			);
			fileSystemSynchronizedGroups = (
				39D93CE22E7B572000646477 /* FieldOps UI Playground iPadUITests */,
			);
			name = "FieldOps UI Playground iPadUITests";
			packageProductDependencies = (
			);
			productName = "FieldOps UI Playground iPadUITests";
			productReference = 39D93CDF2E7B572000646477 /* FieldOps UI Playground iPadUITests.xctest */;
			productType = "com.apple.product-type.bundle.ui-testing";
		};
/* End PBXNativeTarget section */

/* Begin PBXProject section */
		39D93CC02E7B571F00646477 /* Project object */ = {
			isa = PBXProject;
			attributes = {
				BuildIndependentTargetsInParallel = 1;
				LastSwiftUpdateCheck = 2600;
				LastUpgradeCheck = 2600;
				TargetAttributes = {
					39D93CC72E7B571F00646477 = {
						CreatedOnToolsVersion = 26.0;
					};
					39D93CD42E7B572000646477 = {
						CreatedOnToolsVersion = 26.0;
						TestTargetID = 39D93CC72E7B571F00646477;
					};
					39D93CDE2E7B572000646477 = {
						CreatedOnToolsVersion = 26.0;
						TestTargetID = 39D93CC72E7B571F00646477;
					};
				};
			};
			buildConfigurationList = 39D93CC32E7B571F00646477 /* Build configuration list for PBXProject "FieldOps UI Playground iPad" */;
			developmentRegion = en;
			hasScannedForEncodings = 0;
			knownRegions = (
				en,
				Base,
			);
			mainGroup = 39D93CBF2E7B571F00646477;
			minimizedProjectReferenceProxies = 1;
			preferredProjectObjectVersion = 77;
			productRefGroup = 39D93CC92E7B571F00646477 /* Products */;
			projectDirPath = "";
			projectRoot = "";
			targets = (
				39D93CC72E7B571F00646477 /* FieldOps UI Playground iPad */,
				39D93CD42E7B572000646477 /* FieldOps UI Playground iPadTests */,
				39D93CDE2E7B572000646477 /* FieldOps UI Playground iPadUITests */,
			);
		};
/* End PBXProject section */

/* Begin PBXResourcesBuildPhase section */
		39D93CC62E7B571F00646477 /* Resources */ = {
			isa = PBXResourcesBuildPhase;
			buildActionMask = 2147483647;
			files = (
				398FB9962E8436C900E6BC68 /* events.json in Resources */,
				39D93CF82E7B578500646477 /* Assets.xcassets in Resources */,
			);
			runOnlyForDeploymentPostprocessing = 0;
		};
		39D93CD32E7B572000646477 /* Resources */ = {
			isa = PBXResourcesBuildPhase;
			buildActionMask = 2147483647;
			files = (
			);
			runOnlyForDeploymentPostprocessing = 0;
		};
		39D93CDD2E7B572000646477 /* Resources */ = {
			isa = PBXResourcesBuildPhase;
			buildActionMask = 2147483647;
			files = (
			);
			runOnlyForDeploymentPostprocessing = 0;
		};
/* End PBXResourcesBuildPhase section */

/* Begin PBXSourcesBuildPhase section */
		39D93CC42E7B571F00646477 /* Sources */ = {
			isa = PBXSourcesBuildPhase;
			buildActionMask = 2147483647;
			files = (
				398FB99A2E84370F00E6BC68 /* AssignmentModels.swift in Sources */,
				39D93CF62E7B578500646477 /* ContentView.swift in Sources */,
				395118072E7F37240002CE6A /* LibraryView.swift in Sources */,
				398FB9942E8436B900E6BC68 /* ModelData.swift in Sources */,
				3951180B2E7F37370002CE6A /* SidebarView.swift in Sources */,
				398FB9982E8436F300E6BC68 /* Event.swift in Sources */,
				398FB9902E84326600E6BC68 /* EventsView.swift in Sources */,
				39D93CF72E7B578500646477 /* FieldOps_UI_Playground_iPadApp.swift in Sources */,
				395118092E7F372D0002CE6A /* HeaderView.swift in Sources */,
				3951180D2E7F373D0002CE6A /* LocationRow.swift in Sources */,
				3951180F2E7F37410002CE6A /* MapAnnotationView.swift in Sources */,
			);
			runOnlyForDeploymentPostprocessing = 0;
		};
		39D93CD12E7B572000646477 /* Sources */ = {
			isa = PBXSourcesBuildPhase;
			buildActionMask = 2147483647;
			files = (
			);
			runOnlyForDeploymentPostprocessing = 0;
		};
		39D93CDB2E7B572000646477 /* Sources */ = {
			isa = PBXSourcesBuildPhase;
			buildActionMask = 2147483647;
			files = (
			);
			runOnlyForDeploymentPostprocessing = 0;
		};
/* End PBXSourcesBuildPhase section */

/* Begin PBXTargetDependency section */
		39D93CD72E7B572000646477 /* PBXTargetDependency */ = {
			isa = PBXTargetDependency;
			target = 39D93CC72E7B571F00646477 /* FieldOps UI Playground iPad */;
			targetProxy = 39D93CD62E7B572000646477 /* PBXContainerItemProxy */;
		};
		39D93CE12E7B572000646477 /* PBXTargetDependency */ = {
			isa = PBXTargetDependency;
			target = 39D93CC72E7B571F00646477 /* FieldOps UI Playground iPad */;
			targetProxy = 39D93CE02E7B572000646477 /* PBXContainerItemProxy */;
		};
/* End PBXTargetDependency section */

/* Begin XCBuildConfiguration section */
		39D93CE72E7B572000646477 /* Debug */ = {
			isa = XCBuildConfiguration;
			buildSettings = {
				ALWAYS_SEARCH_USER_PATHS = NO;
				ASSETCATALOG_COMPILER_GENERATE_SWIFT_ASSET_SYMBOL_EXTENSIONS = YES;
				CLANG_ANALYZER_NONNULL = YES;
				CLANG_ANALYZER_NUMBER_OBJECT_CONVERSION = YES_AGGRESSIVE;
				CLANG_CXX_LANGUAGE_STANDARD = "gnu++20";
				CLANG_ENABLE_MODULES = YES;
				CLANG_ENABLE_OBJC_ARC = YES;
				CLANG_ENABLE_OBJC_WEAK = YES;
				CLANG_WARN_BLOCK_CAPTURE_AUTORELEASING = YES;
				CLANG_WARN_BOOL_CONVERSION = YES;
				CLANG_WARN_COMMA = YES;
				CLANG_WARN_CONSTANT_CONVERSION = YES;
				CLANG_WARN_DEPRECATED_OBJC_IMPLEMENTATIONS = YES;
				CLANG_WARN_DIRECT_OBJC_ISA_USAGE = YES_ERROR;
				CLANG_WARN_DOCUMENTATION_COMMENTS = YES;
				CLANG_WARN_EMPTY_BODY = YES;
				CLANG_WARN_ENUM_CONVERSION = YES;
				CLANG_WARN_INFINITE_RECURSION = YES;
				CLANG_WARN_INT_CONVERSION = YES;
				CLANG_WARN_NON_LITERAL_NULL_CONVERSION = YES;
				CLANG_WARN_OBJC_IMPLICIT_RETAIN_SELF = YES;
				CLANG_WARN_OBJC_LITERAL_CONVERSION = YES;
				CLANG_WARN_OBJC_ROOT_CLASS = YES_ERROR;
				CLANG_WARN_QUOTED_INCLUDE_IN_FRAMEWORK_HEADER = YES;
				CLANG_WARN_RANGE_LOOP_ANALYSIS = YES;
				CLANG_WARN_STRICT_PROTOTYPES = YES;
				CLANG_WARN_SUSPICIOUS_MOVE = YES;
				CLANG_WARN_UNGUARDED_AVAILABILITY = YES_AGGRESSIVE;
				CLANG_WARN_UNREACHABLE_CODE = YES;
				CLANG_WARN__DUPLICATE_METHOD_MATCH = YES;
				COPY_PHASE_STRIP = NO;
				DEBUG_INFORMATION_FORMAT = dwarf;
				DEVELOPMENT_TEAM = LHZQT86GZ9;
				ENABLE_STRICT_OBJC_MSGSEND = YES;
				ENABLE_TESTABILITY = YES;
				ENABLE_USER_SCRIPT_SANDBOXING = YES;
				GCC_C_LANGUAGE_STANDARD = gnu17;
				GCC_DYNAMIC_NO_PIC = NO;
				GCC_NO_COMMON_BLOCKS = YES;
				GCC_OPTIMIZATION_LEVEL = 0;
				GCC_PREPROCESSOR_DEFINITIONS = (
					"DEBUG=1",
					"$(inherited)",
				);
				GCC_WARN_64_TO_32_BIT_CONVERSION = YES;
				GCC_WARN_ABOUT_RETURN_TYPE = YES_ERROR;
				GCC_WARN_UNDECLARED_SELECTOR = YES;
				GCC_WARN_UNINITIALIZED_AUTOS = YES_AGGRESSIVE;
				GCC_WARN_UNUSED_FUNCTION = YES;
				GCC_WARN_UNUSED_VARIABLE = YES;
				IPHONEOS_DEPLOYMENT_TARGET = 26.0;
				LOCALIZATION_PREFERS_STRING_CATALOGS = YES;
				MTL_ENABLE_DEBUG_INFO = INCLUDE_SOURCE;
				MTL_FAST_MATH = YES;
				ONLY_ACTIVE_ARCH = YES;
				SDKROOT = iphoneos;
				SWIFT_ACTIVE_COMPILATION_CONDITIONS = "DEBUG $(inherited)";
				SWIFT_OPTIMIZATION_LEVEL = "-Onone";
			};
			name = Debug;
		};
		39D93CE82E7B572000646477 /* Release */ = {
			isa = XCBuildConfiguration;
			buildSettings = {
				ALWAYS_SEARCH_USER_PATHS = NO;
				ASSETCATALOG_COMPILER_GENERATE_SWIFT_ASSET_SYMBOL_EXTENSIONS = YES;
				CLANG_ANALYZER_NONNULL = YES;
				CLANG_ANALYZER_NUMBER_OBJECT_CONVERSION = YES_AGGRESSIVE;
				CLANG_CXX_LANGUAGE_STANDARD = "gnu++20";
				CLANG_ENABLE_MODULES = YES;
				CLANG_ENABLE_OBJC_ARC = YES;
				CLANG_ENABLE_OBJC_WEAK = YES;
				CLANG_WARN_BLOCK_CAPTURE_AUTORELEASING = YES;
				CLANG_WARN_BOOL_CONVERSION = YES;
				CLANG_WARN_COMMA = YES;
				CLANG_WARN_CONSTANT_CONVERSION = YES;
				CLANG_WARN_DEPRECATED_OBJC_IMPLEMENTATIONS = YES;
				CLANG_WARN_DIRECT_OBJC_ISA_USAGE = YES_ERROR;
				CLANG_WARN_DOCUMENTATION_COMMENTS = YES;
				CLANG_WARN_EMPTY_BODY = YES;
				CLANG_WARN_ENUM_CONVERSION = YES;
				CLANG_WARN_INFINITE_RECURSION = YES;
				CLANG_WARN_INT_CONVERSION = YES;
				CLANG_WARN_NON_LITERAL_NULL_CONVERSION = YES;
				CLANG_WARN_OBJC_IMPLICIT_RETAIN_SELF = YES;
				CLANG_WARN_OBJC_LITERAL_CONVERSION = YES;
				CLANG_WARN_OBJC_ROOT_CLASS = YES_ERROR;
				CLANG_WARN_QUOTED_INCLUDE_IN_FRAMEWORK_HEADER = YES;
				CLANG_WARN_RANGE_LOOP_ANALYSIS = YES;
				CLANG_WARN_STRICT_PROTOTYPES = YES;
				CLANG_WARN_SUSPICIOUS_MOVE = YES;
				CLANG_WARN_UNGUARDED_AVAILABILITY = YES_AGGRESSIVE;
				CLANG_WARN_UNREACHABLE_CODE = YES;
				CLANG_WARN__DUPLICATE_METHOD_MATCH = YES;
				COPY_PHASE_STRIP = NO;
				DEBUG_INFORMATION_FORMAT = "dwarf-with-dsym";
				DEVELOPMENT_TEAM = LHZQT86GZ9;
				ENABLE_NS_ASSERTIONS = NO;
				ENABLE_STRICT_OBJC_MSGSEND = YES;
				ENABLE_USER_SCRIPT_SANDBOXING = YES;
				GCC_C_LANGUAGE_STANDARD = gnu17;
				GCC_NO_COMMON_BLOCKS = YES;
				GCC_WARN_64_TO_32_BIT_CONVERSION = YES;
				GCC_WARN_ABOUT_RETURN_TYPE = YES_ERROR;
				GCC_WARN_UNDECLARED_SELECTOR = YES;
				GCC_WARN_UNINITIALIZED_AUTOS = YES_AGGRESSIVE;
				GCC_WARN_UNUSED_FUNCTION = YES;
				GCC_WARN_UNUSED_VARIABLE = YES;
				IPHONEOS_DEPLOYMENT_TARGET = 26.0;
				LOCALIZATION_PREFERS_STRING_CATALOGS = YES;
				MTL_ENABLE_DEBUG_INFO = NO;
				MTL_FAST_MATH = YES;
				SDKROOT = iphoneos;
				SWIFT_COMPILATION_MODE = wholemodule;
				VALIDATE_PRODUCT = YES;
			};
			name = Release;
		};
		39D93CEA2E7B572000646477 /* Debug */ = {
			isa = XCBuildConfiguration;
			buildSettings = {
				ASSETCATALOG_COMPILER_APPICON_NAME = AppIcon;
				ASSETCATALOG_COMPILER_GLOBAL_ACCENT_COLOR_NAME = AccentColor;
				CODE_SIGN_STYLE = Automatic;
				CURRENT_PROJECT_VERSION = 1;
				DEVELOPMENT_TEAM = LHZQT86GZ9;
				ENABLE_PREVIEWS = YES;
				GENERATE_INFOPLIST_FILE = YES;
				INFOPLIST_KEY_UIApplicationSceneManifest_Generation = YES;
				INFOPLIST_KEY_UIApplicationSupportsIndirectInputEvents = YES;
				INFOPLIST_KEY_UILaunchScreen_Generation = YES;
				INFOPLIST_KEY_UISupportedInterfaceOrientations_iPad = "UIInterfaceOrientationPortrait UIInterfaceOrientationPortraitUpsideDown UIInterfaceOrientationLandscapeLeft UIInterfaceOrientationLandscapeRight";
				INFOPLIST_KEY_UISupportedInterfaceOrientations_iPhone = "UIInterfaceOrientationPortrait UIInterfaceOrientationLandscapeLeft UIInterfaceOrientationLandscapeRight";
				LD_RUNPATH_SEARCH_PATHS = (
					"$(inherited)",
					"@executable_path/Frameworks",
				);
				MARKETING_VERSION = 1.0;
				PRODUCT_BUNDLE_IDENTIFIER = "com.eloehfelm.FieldOps-UI-Playground-iPad";
				PRODUCT_NAME = "$(TARGET_NAME)";
				STRING_CATALOG_GENERATE_SYMBOLS = YES;
				SWIFT_APPROACHABLE_CONCURRENCY = YES;
				SWIFT_DEFAULT_ACTOR_ISOLATION = MainActor;
				SWIFT_EMIT_LOC_STRINGS = YES;
				SWIFT_UPCOMING_FEATURE_MEMBER_IMPORT_VISIBILITY = YES;
				SWIFT_VERSION = 5.0;
				TARGETED_DEVICE_FAMILY = "1,2";
			};
			name = Debug;
		};
		39D93CEB2E7B572000646477 /* Release */ = {
			isa = XCBuildConfiguration;
			buildSettings = {
				ASSETCATALOG_COMPILER_APPICON_NAME = AppIcon;
				ASSETCATALOG_COMPILER_GLOBAL_ACCENT_COLOR_NAME = AccentColor;
				CODE_SIGN_STYLE = Automatic;
				CURRENT_PROJECT_VERSION = 1;
				DEVELOPMENT_TEAM = LHZQT86GZ9;
				ENABLE_PREVIEWS = YES;
				GENERATE_INFOPLIST_FILE = YES;
				INFOPLIST_KEY_UIApplicationSceneManifest_Generation = YES;
				INFOPLIST_KEY_UIApplicationSupportsIndirectInputEvents = YES;
				INFOPLIST_KEY_UILaunchScreen_Generation = YES;
				INFOPLIST_KEY_UISupportedInterfaceOrientations_iPad = "UIInterfaceOrientationPortrait UIInterfaceOrientationPortraitUpsideDown UIInterfaceOrientationLandscapeLeft UIInterfaceOrientationLandscapeRight";
				INFOPLIST_KEY_UISupportedInterfaceOrientations_iPhone = "UIInterfaceOrientationPortrait UIInterfaceOrientationLandscapeLeft UIInterfaceOrientationLandscapeRight";
				LD_RUNPATH_SEARCH_PATHS = (
					"$(inherited)",
					"@executable_path/Frameworks",
				);
				MARKETING_VERSION = 1.0;
				PRODUCT_BUNDLE_IDENTIFIER = "com.eloehfelm.FieldOps-UI-Playground-iPad";
				PRODUCT_NAME = "$(TARGET_NAME)";
				STRING_CATALOG_GENERATE_SYMBOLS = YES;
				SWIFT_APPROACHABLE_CONCURRENCY = YES;
				SWIFT_DEFAULT_ACTOR_ISOLATION = MainActor;
				SWIFT_EMIT_LOC_STRINGS = YES;
				SWIFT_UPCOMING_FEATURE_MEMBER_IMPORT_VISIBILITY = YES;
				SWIFT_VERSION = 5.0;
				TARGETED_DEVICE_FAMILY = "1,2";
			};
			name = Release;
		};
		39D93CED2E7B572000646477 /* Debug */ = {
			isa = XCBuildConfiguration;
			buildSettings = {
				BUNDLE_LOADER = "$(TEST_HOST)";
				CODE_SIGN_STYLE = Automatic;
				CURRENT_PROJECT_VERSION = 1;
				DEVELOPMENT_TEAM = LHZQT86GZ9;
				GENERATE_INFOPLIST_FILE = YES;
				IPHONEOS_DEPLOYMENT_TARGET = 26.0;
				MARKETING_VERSION = 1.0;
				PRODUCT_BUNDLE_IDENTIFIER = "com.eloehfelm.FieldOps-UI-Playground-iPadTests";
				PRODUCT_NAME = "$(TARGET_NAME)";
				STRING_CATALOG_GENERATE_SYMBOLS = NO;
				SWIFT_APPROACHABLE_CONCURRENCY = YES;
				SWIFT_EMIT_LOC_STRINGS = NO;
				SWIFT_UPCOMING_FEATURE_MEMBER_IMPORT_VISIBILITY = YES;
				SWIFT_VERSION = 5.0;
				TARGETED_DEVICE_FAMILY = "1,2";
				TEST_HOST = "$(BUILT_PRODUCTS_DIR)/FieldOps UI Playground iPad.app/$(BUNDLE_EXECUTABLE_FOLDER_PATH)/FieldOps UI Playground iPad";
			};
			name = Debug;
		};
		39D93CEE2E7B572000646477 /* Release */ = {
			isa = XCBuildConfiguration;
			buildSettings = {
				BUNDLE_LOADER = "$(TEST_HOST)";
				CODE_SIGN_STYLE = Automatic;
				CURRENT_PROJECT_VERSION = 1;
				DEVELOPMENT_TEAM = LHZQT86GZ9;
				GENERATE_INFOPLIST_FILE = YES;
				IPHONEOS_DEPLOYMENT_TARGET = 26.0;
				MARKETING_VERSION = 1.0;
				PRODUCT_BUNDLE_IDENTIFIER = "com.eloehfelm.FieldOps-UI-Playground-iPadTests";
				PRODUCT_NAME = "$(TARGET_NAME)";
				STRING_CATALOG_GENERATE_SYMBOLS = NO;
				SWIFT_APPROACHABLE_CONCURRENCY = YES;
				SWIFT_EMIT_LOC_STRINGS = NO;
				SWIFT_UPCOMING_FEATURE_MEMBER_IMPORT_VISIBILITY = YES;
				SWIFT_VERSION = 5.0;
				TARGETED_DEVICE_FAMILY = "1,2";
				TEST_HOST = "$(BUILT_PRODUCTS_DIR)/FieldOps UI Playground iPad.app/$(BUNDLE_EXECUTABLE_FOLDER_PATH)/FieldOps UI Playground iPad";
			};
			name = Release;
		};
		39D93CF02E7B572000646477 /* Debug */ = {
			isa = XCBuildConfiguration;
			buildSettings = {
				CODE_SIGN_STYLE = Automatic;
				CURRENT_PROJECT_VERSION = 1;
				DEVELOPMENT_TEAM = LHZQT86GZ9;
				GENERATE_INFOPLIST_FILE = YES;
				MARKETING_VERSION = 1.0;
				PRODUCT_BUNDLE_IDENTIFIER = "com.eloehfelm.FieldOps-UI-Playground-iPadUITests";
				PRODUCT_NAME = "$(TARGET_NAME)";
				STRING_CATALOG_GENERATE_SYMBOLS = NO;
				SWIFT_APPROACHABLE_CONCURRENCY = YES;
				SWIFT_EMIT_LOC_STRINGS = NO;
				SWIFT_UPCOMING_FEATURE_MEMBER_IMPORT_VISIBILITY = YES;
				SWIFT_VERSION = 5.0;
				TARGETED_DEVICE_FAMILY = "1,2";
				TEST_TARGET_NAME = "FieldOps UI Playground iPad";
			};
			name = Debug;
		};
		39D93CF12E7B572000646477 /* Release */ = {
			isa = XCBuildConfiguration;
			buildSettings = {
				CODE_SIGN_STYLE = Automatic;
				CURRENT_PROJECT_VERSION = 1;
				DEVELOPMENT_TEAM = LHZQT86GZ9;
				GENERATE_INFOPLIST_FILE = YES;
				MARKETING_VERSION = 1.0;
				PRODUCT_BUNDLE_IDENTIFIER = "com.eloehfelm.FieldOps-UI-Playground-iPadUITests";
				PRODUCT_NAME = "$(TARGET_NAME)";
				STRING_CATALOG_GENERATE_SYMBOLS = NO;
				SWIFT_APPROACHABLE_CONCURRENCY = YES;
				SWIFT_EMIT_LOC_STRINGS = NO;
				SWIFT_UPCOMING_FEATURE_MEMBER_IMPORT_VISIBILITY = YES;
				SWIFT_VERSION = 5.0;
				TARGETED_DEVICE_FAMILY = "1,2";
				TEST_TARGET_NAME = "FieldOps UI Playground iPad";
			};
			name = Release;
		};
/* End XCBuildConfiguration section */

/* Begin XCConfigurationList section */
		39D93CC32E7B571F00646477 /* Build configuration list for PBXProject "FieldOps UI Playground iPad" */ = {
			isa = XCConfigurationList;
			buildConfigurations = (
				39D93CE72E7B572000646477 /* Debug */,
				39D93CE82E7B572000646477 /* Release */,
			);
			defaultConfigurationIsVisible = 0;
			defaultConfigurationName = Release;
		};
		39D93CE92E7B572000646477 /* Build configuration list for PBXNativeTarget "FieldOps UI Playground iPad" */ = {
			isa = XCConfigurationList;
			buildConfigurations = (
				39D93CEA2E7B572000646477 /* Debug */,
				39D93CEB2E7B572000646477 /* Release */,
			);
			defaultConfigurationIsVisible = 0;
			defaultConfigurationName = Release;
		};
		39D93CEC2E7B572000646477 /* Build configuration list for PBXNativeTarget "FieldOps UI Playground iPadTests" */ = {
			isa = XCConfigurationList;
			buildConfigurations = (
				39D93CED2E7B572000646477 /* Debug */,
				39D93CEE2E7B572000646477 /* Release */,
			);
			defaultConfigurationIsVisible = 0;
			defaultConfigurationName = Release;
		};
		39D93CEF2E7B572000646477 /* Build configuration list for PBXNativeTarget "FieldOps UI Playground iPadUITests" */ = {
			isa = XCConfigurationList;
			buildConfigurations = (
				39D93CF02E7B572000646477 /* Debug */,
				39D93CF12E7B572000646477 /* Release */,
			);
			defaultConfigurationIsVisible = 0;
			defaultConfigurationName = Release;
		};
/* End XCConfigurationList section */
	};
	rootObject = 39D93CC02E7B571F00646477 /* Project object */;
}
